// !$*UTF8*$!
{
	archiveVersion = 1;
	classes = {
	};
	objectVersion = 50;
	objects = {

/* Begin PBXBuildFile section */
		BA71B93B2886ACF6004EBBED /* AppDelegate.swift in Sources */ = {isa = PBXBuildFile; fileRef = BA71B93A2886ACF6004EBBED /* AppDelegate.swift */; };
		BA71B93D2886ACF6004EBBED /* SceneDelegate.swift in Sources */ = {isa = PBXBuildFile; fileRef = BA71B93C2886ACF6004EBBED /* SceneDelegate.swift */; };
		BA71B93F2886ACF6004EBBED /* ViewController.swift in Sources */ = {isa = PBXBuildFile; fileRef = BA71B93E2886ACF6004EBBED /* ViewController.swift */; };
		BA71B9422886ACF8004EBBED /* Main.storyboard in Resources */ = {isa = PBXBuildFile; fileRef = BA71B9402886ACF8004EBBED /* Main.storyboard */; };
		BA71B9442886AD34004EBBED /* Assets.xcassets in Resources */ = {isa = PBXBuildFile; fileRef = BA71B9432886AD34004EBBED /* Assets.xcassets */; };
		BA71B9472886AD34004EBBED /* LaunchScreen.storyboard in Resources */ = {isa = PBXBuildFile; fileRef = BA71B9452886AD34004EBBED /* LaunchScreen.storyboard */; };
		BA71B9522886AD38004EBBED /* AccessControlsTests.swift in Sources */ = {isa = PBXBuildFile; fileRef = BA71B9512886AD38004EBBED /* AccessControlsTests.swift */; };
		BA71B95D2886AD38004EBBED /* AccessControlsUITests.swift in Sources */ = {isa = PBXBuildFile; fileRef = BA71B95C2886AD38004EBBED /* AccessControlsUITests.swift */; };
/* End PBXBuildFile section */

/* Begin PBXContainerItemProxy section */
		BA71B94E2886AD38004EBBED /* PBXContainerItemProxy */ = {
			isa = PBXContainerItemProxy;
			containerPortal = BA71B92F2886ACF4004EBBED /* Project object */;
			proxyType = 1;
			remoteGlobalIDString = BA71B9362886ACF4004EBBED;
			remoteInfo = AccessControls;
		};
		BA71B9592886AD38004EBBED /* PBXContainerItemProxy */ = {
			isa = PBXContainerItemProxy;
			containerPortal = BA71B92F2886ACF4004EBBED /* Project object */;
			proxyType = 1;
			remoteGlobalIDString = BA71B9362886ACF4004EBBED;
			remoteInfo = AccessControls;
		};
/* End PBXContainerItemProxy section */

/* Begin PBXFileReference section */
		BA71B9372886ACF4004EBBED /* AccessControls.app */ = {isa = PBXFileReference; explicitFileType = wrapper.application; includeInIndex = 0; path = AccessControls.app; sourceTree = BUILT_PRODUCTS_DIR; };
		BA71B93A2886ACF6004EBBED /* AppDelegate.swift */ = {isa = PBXFileReference; lastKnownFileType = sourcecode.swift; path = AppDelegate.swift; sourceTree = "<group>"; };
		BA71B93C2886ACF6004EBBED /* SceneDelegate.swift */ = {isa = PBXFileReference; lastKnownFileType = sourcecode.swift; path = SceneDelegate.swift; sourceTree = "<group>"; };
		BA71B93E2886ACF6004EBBED /* ViewController.swift */ = {isa = PBXFileReference; lastKnownFileType = sourcecode.swift; path = ViewController.swift; sourceTree = "<group>"; };
		BA71B9412886ACF8004EBBED /* Base */ = {isa = PBXFileReference; lastKnownFileType = file.storyboard; name = Base; path = Base.lproj/Main.storyboard; sourceTree = "<group>"; };
		BA71B9432886AD34004EBBED /* Assets.xcassets */ = {isa = PBXFileReference; lastKnownFileType = folder.assetcatalog; path = Assets.xcassets; sourceTree = "<group>"; };
		BA71B9462886AD34004EBBED /* Base */ = {isa = PBXFileReference; lastKnownFileType = file.storyboard; name = Base; path = Base.lproj/LaunchScreen.storyboard; sourceTree = "<group>"; };
		BA71B9482886AD34004EBBED /* Info.plist */ = {isa = PBXFileReference; lastKnownFileType = text.plist.xml; path = Info.plist; sourceTree = "<group>"; };
		BA71B94D2886AD38004EBBED /* AccessControlsTests.xctest */ = {isa = PBXFileReference; explicitFileType = wrapper.cfbundle; includeInIndex = 0; path = AccessControlsTests.xctest; sourceTree = BUILT_PRODUCTS_DIR; };
		BA71B9512886AD38004EBBED /* AccessControlsTests.swift */ = {isa = PBXFileReference; lastKnownFileType = sourcecode.swift; path = AccessControlsTests.swift; sourceTree = "<group>"; };
		BA71B9532886AD38004EBBED /* Info.plist */ = {isa = PBXFileReference; lastKnownFileType = text.plist.xml; path = Info.plist; sourceTree = "<group>"; };
		BA71B9582886AD38004EBBED /* AccessControlsUITests.xctest */ = {isa = PBXFileReference; explicitFileType = wrapper.cfbundle; includeInIndex = 0; path = AccessControlsUITests.xctest; sourceTree = BUILT_PRODUCTS_DIR; };
		BA71B95C2886AD38004EBBED /* AccessControlsUITests.swift */ = {isa = PBXFileReference; lastKnownFileType = sourcecode.swift; path = AccessControlsUITests.swift; sourceTree = "<group>"; };
		BA71B95E2886AD38004EBBED /* Info.plist */ = {isa = PBXFileReference; lastKnownFileType = text.plist.xml; path = Info.plist; sourceTree = "<group>"; };
/* End PBXFileReference section */

/* Begin PBXFrameworksBuildPhase section */
		BA71B9342886ACF4004EBBED /* Frameworks */ = {
			isa = PBXFrameworksBuildPhase;
			buildActionMask = 2147483647;
			files = (
			);
			runOnlyForDeploymentPostprocessing = 0;
		};
		BA71B94A2886AD38004EBBED /* Frameworks */ = {
			isa = PBXFrameworksBuildPhase;
			buildActionMask = 2147483647;
			files = (
			);
			runOnlyForDeploymentPostprocessing = 0;
		};
		BA71B9552886AD38004EBBED /* Frameworks */ = {
			isa = PBXFrameworksBuildPhase;
			buildActionMask = 2147483647;
			files = (
			);
			runOnlyForDeploymentPostprocessing = 0;
		};
/* End PBXFrameworksBuildPhase section */

/* Begin PBXGroup section */
		BA71B92E2886ACF4004EBBED = {
			isa = PBXGroup;
			children = (
				BA71B9392886ACF4004EBBED /* AccessControls */,
				BA71B9502886AD38004EBBED /* AccessControlsTests */,
				BA71B95B2886AD38004EBBED /* AccessControlsUITests */,
				BA71B9382886ACF4004EBBED /* Products */,
			);
			sourceTree = "<group>";
		};
		BA71B9382886ACF4004EBBED /* Products */ = {
			isa = PBXGroup;
			children = (
				BA71B9372886ACF4004EBBED /* AccessControls.app */,
				BA71B94D2886AD38004EBBED /* AccessControlsTests.xctest */,
				BA71B9582886AD38004EBBED /* AccessControlsUITests.xctest */,
			);
			name = Products;
			sourceTree = "<group>";
		};
		BA71B9392886ACF4004EBBED /* AccessControls */ = {
			isa = PBXGroup;
			children = (
				BA71B93A2886ACF6004EBBED /* AppDelegate.swift */,
				BA71B93C2886ACF6004EBBED /* SceneDelegate.swift */,
				BA71B93E2886ACF6004EBBED /* ViewController.swift */,
				BA71B9402886ACF8004EBBED /* Main.storyboard */,
				BA71B9432886AD34004EBBED /* Assets.xcassets */,
				BA71B9452886AD34004EBBED /* LaunchScreen.storyboard */,
				BA71B9482886AD34004EBBED /* Info.plist */,
			);
			path = AccessControls;
			sourceTree = "<group>";
		};
		BA71B9502886AD38004EBBED /* AccessControlsTests */ = {
			isa = PBXGroup;
			children = (
				BA71B9512886AD38004EBBED /* AccessControlsTests.swift */,
				BA71B9532886AD38004EBBED /* Info.plist */,
			);
			path = AccessControlsTests;
			sourceTree = "<group>";
		};
		BA71B95B2886AD38004EBBED /* AccessControlsUITests */ = {
			isa = PBXGroup;
			children = (
				BA71B95C2886AD38004EBBED /* AccessControlsUITests.swift */,
				BA71B95E2886AD38004EBBED /* Info.plist */,
			);
			path = AccessControlsUITests;
			sourceTree = "<group>";
		};
/* End PBXGroup section */

/* Begin PBXNativeTarget section */
		BA71B9362886ACF4004EBBED /* AccessControls */ = {
			isa = PBXNativeTarget;
			buildConfigurationList = BA71B9612886AD38004EBBED /* Build configuration list for PBXNativeTarget "AccessControls" */;
			buildPhases = (
				BA71B9332886ACF4004EBBED /* Sources */,
				BA71B9342886ACF4004EBBED /* Frameworks */,
				BA71B9352886ACF4004EBBED /* Resources */,
			);
			buildRules = (
			);
			dependencies = (
			);
			name = AccessControls;
			productName = AccessControls;
			productReference = BA71B9372886ACF4004EBBED /* AccessControls.app */;
			productType = "com.apple.product-type.application";
		};
		BA71B94C2886AD38004EBBED /* AccessControlsTests */ = {
			isa = PBXNativeTarget;
			buildConfigurationList = BA71B9642886AD38004EBBED /* Build configuration list for PBXNativeTarget "AccessControlsTests" */;
			buildPhases = (
				BA71B9492886AD38004EBBED /* Sources */,
				BA71B94A2886AD38004EBBED /* Frameworks */,
				BA71B94B2886AD38004EBBED /* Resources */,
			);
			buildRules = (
			);
			dependencies = (
				BA71B94F2886AD38004EBBED /* PBXTargetDependency */,
			);
			name = AccessControlsTests;
			productName = AccessControlsTests;
			productReference = BA71B94D2886AD38004EBBED /* AccessControlsTests.xctest */;
			productType = "com.apple.product-type.bundle.unit-test";
		};
		BA71B9572886AD38004EBBED /* AccessControlsUITests */ = {
			isa = PBXNativeTarget;
			buildConfigurationList = BA71B9672886AD38004EBBED /* Build configuration list for PBXNativeTarget "AccessControlsUITests" */;
			buildPhases = (
				BA71B9542886AD38004EBBED /* Sources */,
				BA71B9552886AD38004EBBED /* Frameworks */,
				BA71B9562886AD38004EBBED /* Resources */,
			);
			buildRules = (
			);
			dependencies = (
				BA71B95A2886AD38004EBBED /* PBXTargetDependency */,
			);
			name = AccessControlsUITests;
			productName = AccessControlsUITests;
			productReference = BA71B9582886AD38004EBBED /* AccessControlsUITests.xctest */;
			productType = "com.apple.product-type.bundle.ui-testing";
		};
/* End PBXNativeTarget section */

/* Begin PBXProject section */
		BA71B92F2886ACF4004EBBED /* Project object */ = {
			isa = PBXProject;
			attributes = {
				LastSwiftUpdateCheck = 1240;
				LastUpgradeCheck = 1240;
				TargetAttributes = {
					BA71B9362886ACF4004EBBED = {
						CreatedOnToolsVersion = 12.4;
					};
					BA71B94C2886AD38004EBBED = {
						CreatedOnToolsVersion = 12.4;
						TestTargetID = BA71B9362886ACF4004EBBED;
					};
					BA71B9572886AD38004EBBED = {
						CreatedOnToolsVersion = 12.4;
						TestTargetID = BA71B9362886ACF4004EBBED;
					};
				};
			};
			buildConfigurationList = BA71B9322886ACF4004EBBED /* Build configuration list for PBXProject "AccessControls" */;
			compatibilityVersion = "Xcode 9.3";
			developmentRegion = en;
			hasScannedForEncodings = 0;
			knownRegions = (
				en,
				Base,
			);
			mainGroup = BA71B92E2886ACF4004EBBED;
			productRefGroup = BA71B9382886ACF4004EBBED /* Products */;
			projectDirPath = "";
			projectRoot = "";
			targets = (
				BA71B9362886ACF4004EBBED /* AccessControls */,
				BA71B94C2886AD38004EBBED /* AccessControlsTests */,
				BA71B9572886AD38004EBBED /* AccessControlsUITests */,
			);
		};
/* End PBXProject section */

/* Begin PBXResourcesBuildPhase section */
		BA71B9352886ACF4004EBBED /* Resources */ = {
			isa = PBXResourcesBuildPhase;
			buildActionMask = 2147483647;
			files = (
				BA71B9472886AD34004EBBED /* LaunchScreen.storyboard in Resources */,
				BA71B9442886AD34004EBBED /* Assets.xcassets in Resources */,
				BA71B9422886ACF8004EBBED /* Main.storyboard in Resources */,
			);
			runOnlyForDeploymentPostprocessing = 0;
		};
		BA71B94B2886AD38004EBBED /* Resources */ = {
			isa = PBXResourcesBuildPhase;
			buildActionMask = 2147483647;
			files = (
			);
			runOnlyForDeploymentPostprocessing = 0;
		};
		BA71B9562886AD38004EBBED /* Resources */ = {
			isa = PBXResourcesBuildPhase;
			buildActionMask = 2147483647;
			files = (
			);
			runOnlyForDeploymentPostprocessing = 0;
		};
/* End PBXResourcesBuildPhase section */

/* Begin PBXSourcesBuildPhase section */
		BA71B9332886ACF4004EBBED /* Sources */ = {
			isa = PBXSourcesBuildPhase;
			buildActionMask = 2147483647;
			files = (
				BA71B93F2886ACF6004EBBED /* ViewController.swift in Sources */,
				BA71B93B2886ACF6004EBBED /* AppDelegate.swift in Sources */,
				BA71B93D2886ACF6004EBBED /* SceneDelegate.swift in Sources */,
			);
			runOnlyForDeploymentPostprocessing = 0;
		};
		BA71B9492886AD38004EBBED /* Sources */ = {
			isa = PBXSourcesBuildPhase;
			buildActionMask = 2147483647;
			files = (
				BA71B9522886AD38004EBBED /* AccessControlsTests.swift in Sources */,
			);
			runOnlyForDeploymentPostprocessing = 0;
		};
		BA71B9542886AD38004EBBED /* Sources */ = {
			isa = PBXSourcesBuildPhase;
			buildActionMask = 2147483647;
			files = (
				BA71B95D2886AD38004EBBED /* AccessControlsUITests.swift in Sources */,
			);
			runOnlyForDeploymentPostprocessing = 0;
		};
/* End PBXSourcesBuildPhase section */

/* Begin PBXTargetDependency section */
		BA71B94F2886AD38004EBBED /* PBXTargetDependency */ = {
			isa = PBXTargetDependency;
			target = BA71B9362886ACF4004EBBED /* AccessControls */;
			targetProxy = BA71B94E2886AD38004EBBED /* PBXContainerItemProxy */;
		};
		BA71B95A2886AD38004EBBED /* PBXTargetDependency */ = {
			isa = PBXTargetDependency;
			target = BA71B9362886ACF4004EBBED /* AccessControls */;
			targetProxy = BA71B9592886AD38004EBBED /* PBXContainerItemProxy */;
		};
/* End PBXTargetDependency section */

/* Begin PBXVariantGroup section */
		BA71B9402886ACF8004EBBED /* Main.storyboard */ = {
			isa = PBXVariantGroup;
			children = (
				BA71B9412886ACF8004EBBED /* Base */,
			);
			name = Main.storyboard;
			sourceTree = "<group>";
		};
		BA71B9452886AD34004EBBED /* LaunchScreen.storyboard */ = {
			isa = PBXVariantGroup;
			children = (
				BA71B9462886AD34004EBBED /* Base */,
			);
			name = LaunchScreen.storyboard;
			sourceTree = "<group>";
		};
/* End PBXVariantGroup section */

/* Begin XCBuildConfiguration section */
		BA71B95F2886AD38004EBBED /* Debug */ = {
			isa = XCBuildConfiguration;
			buildSettings = {
				ALWAYS_SEARCH_USER_PATHS = NO;
				CLANG_ANALYZER_NONNULL = YES;
				CLANG_ANALYZER_NUMBER_OBJECT_CONVERSION = YES_AGGRESSIVE;
				CLANG_CXX_LANGUAGE_STANDARD = "gnu++14";
				CLANG_CXX_LIBRARY = "libc++";
				CLANG_ENABLE_MODULES = YES;
				CLANG_ENABLE_OBJC_ARC = YES;
				CLANG_ENABLE_OBJC_WEAK = YES;
				CLANG_WARN_BLOCK_CAPTURE_AUTORELEASING = YES;
				CLANG_WARN_BOOL_CONVERSION = YES;
				CLANG_WARN_COMMA = YES;
				CLANG_WARN_CONSTANT_CONVERSION = YES;
				CLANG_WARN_DEPRECATED_OBJC_IMPLEMENTATIONS = YES;
				CLANG_WARN_DIRECT_OBJC_ISA_USAGE = YES_ERROR;
				CLANG_WARN_DOCUMENTATION_COMMENTS = YES;
				CLANG_WARN_EMPTY_BODY = YES;
				CLANG_WARN_ENUM_CONVERSION = YES;
				CLANG_WARN_INFINITE_RECURSION = YES;
				CLANG_WARN_INT_CONVERSION = YES;
				CLANG_WARN_NON_LITERAL_NULL_CONVERSION = YES;
				CLANG_WARN_OBJC_IMPLICIT_RETAIN_SELF = YES;
				CLANG_WARN_OBJC_LITERAL_CONVERSION = YES;
				CLANG_WARN_OBJC_ROOT_CLASS = YES_ERROR;
				CLANG_WARN_QUOTED_INCLUDE_IN_FRAMEWORK_HEADER = YES;
				CLANG_WARN_RANGE_LOOP_ANALYSIS = YES;
				CLANG_WARN_STRICT_PROTOTYPES = YES;
				CLANG_WARN_SUSPICIOUS_MOVE = YES;
				CLANG_WARN_UNGUARDED_AVAILABILITY = YES_AGGRESSIVE;
				CLANG_WARN_UNREACHABLE_CODE = YES;
				CLANG_WARN__DUPLICATE_METHOD_MATCH = YES;
				COPY_PHASE_STRIP = NO;
				DEBUG_INFORMATION_FORMAT = dwarf;
				ENABLE_STRICT_OBJC_MSGSEND = YES;
				ENABLE_TESTABILITY = YES;
				GCC_C_LANGUAGE_STANDARD = gnu11;
				GCC_DYNAMIC_NO_PIC = NO;
				GCC_NO_COMMON_BLOCKS = YES;
				GCC_OPTIMIZATION_LEVEL = 0;
				GCC_PREPROCESSOR_DEFINITIONS = (
					"DEBUG=1",
					"$(inherited)",
				);
				GCC_WARN_64_TO_32_BIT_CONVERSION = YES;
				GCC_WARN_ABOUT_RETURN_TYPE = YES_ERROR;
				GCC_WARN_UNDECLARED_SELECTOR = YES;
				GCC_WARN_UNINITIALIZED_AUTOS = YES_AGGRESSIVE;
				GCC_WARN_UNUSED_FUNCTION = YES;
				GCC_WARN_UNUSED_VARIABLE = YES;
				IPHONEOS_DEPLOYMENT_TARGET = 14.4;
				MTL_ENABLE_DEBUG_INFO = INCLUDE_SOURCE;
				MTL_FAST_MATH = YES;
				ONLY_ACTIVE_ARCH = YES;
				SDKROOT = iphoneos;
				SWIFT_ACTIVE_COMPILATION_CONDITIONS = DEBUG;
				SWIFT_OPTIMIZATION_LEVEL = "-Onone";
			};
			name = Debug;
		};
		BA71B9602886AD38004EBBED /* Release */ = {
			isa = XCBuildConfiguration;
			buildSettings = {
				ALWAYS_SEARCH_USER_PATHS = NO;
				CLANG_ANALYZER_NONNULL = YES;
				CLANG_ANALYZER_NUMBER_OBJECT_CONVERSION = YES_AGGRESSIVE;
				CLANG_CXX_LANGUAGE_STANDARD = "gnu++14";
				CLANG_CXX_LIBRARY = "libc++";
				CLANG_ENABLE_MODULES = YES;
				CLANG_ENABLE_OBJC_ARC = YES;
				CLANG_ENABLE_OBJC_WEAK = YES;
				CLANG_WARN_BLOCK_CAPTURE_AUTORELEASING = YES;
				CLANG_WARN_BOOL_CONVERSION = YES;
				CLANG_WARN_COMMA = YES;
				CLANG_WARN_CONSTANT_CONVERSION = YES;
				CLANG_WARN_DEPRECATED_OBJC_IMPLEMENTATIONS = YES;
				CLANG_WARN_DIRECT_OBJC_ISA_USAGE = YES_ERROR;
				CLANG_WARN_DOCUMENTATION_COMMENTS = YES;
				CLANG_WARN_EMPTY_BODY = YES;
				CLANG_WARN_ENUM_CONVERSION = YES;
				CLANG_WARN_INFINITE_RECURSION = YES;
				CLANG_WARN_INT_CONVERSION = YES;
				CLANG_WARN_NON_LITERAL_NULL_CONVERSION = YES;
				CLANG_WARN_OBJC_IMPLICIT_RETAIN_SELF = YES;
				CLANG_WARN_OBJC_LITERAL_CONVERSION = YES;
				CLANG_WARN_OBJC_ROOT_CLASS = YES_ERROR;
				CLANG_WARN_QUOTED_INCLUDE_IN_FRAMEWORK_HEADER = YES;
				CLANG_WARN_RANGE_LOOP_ANALYSIS = YES;
				CLANG_WARN_STRICT_PROTOTYPES = YES;
				CLANG_WARN_SUSPICIOUS_MOVE = YES;
				CLANG_WARN_UNGUARDED_AVAILABILITY = YES_AGGRESSIVE;
				CLANG_WARN_UNREACHABLE_CODE = YES;
				CLANG_WARN__DUPLICATE_METHOD_MATCH = YES;
				COPY_PHASE_STRIP = NO;
				DEBUG_INFORMATION_FORMAT = "dwarf-with-dsym";
				ENABLE_NS_ASSERTIONS = NO;
				ENABLE_STRICT_OBJC_MSGSEND = YES;
				GCC_C_LANGUAGE_STANDARD = gnu11;
				GCC_NO_COMMON_BLOCKS = YES;
				GCC_WARN_64_TO_32_BIT_CONVERSION = YES;
				GCC_WARN_ABOUT_RETURN_TYPE = YES_ERROR;
				GCC_WARN_UNDECLARED_SELECTOR = YES;
				GCC_WARN_UNINITIALIZED_AUTOS = YES_AGGRESSIVE;
				GCC_WARN_UNUSED_FUNCTION = YES;
				GCC_WARN_UNUSED_VARIABLE = YES;
				IPHONEOS_DEPLOYMENT_TARGET = 14.4;
				MTL_ENABLE_DEBUG_INFO = NO;
				MTL_FAST_MATH = YES;
				SDKROOT = iphoneos;
				SWIFT_COMPILATION_MODE = wholemodule;
				SWIFT_OPTIMIZATION_LEVEL = "-O";
				VALIDATE_PRODUCT = YES;
			};
			name = Release;
		};
		BA71B9622886AD38004EBBED /* Debug */ = {
			isa = XCBuildConfiguration;
			buildSettings = {
				ASSETCATALOG_COMPILER_APPICON_NAME = AppIcon;
				ASSETCATALOG_COMPILER_GLOBAL_ACCENT_COLOR_NAME = AccentColor;
				CODE_SIGN_STYLE = Automatic;
				DEVELOPMENT_TEAM = G4865H7F96;
				INFOPLIST_FILE = AccessControls/Info.plist;
				LD_RUNPATH_SEARCH_PATHS = (
					"$(inherited)",
					"@executable_path/Frameworks",
				);
				PRODUCT_BUNDLE_IDENTIFIER = com.akshay.AccessControls;
				PRODUCT_NAME = "$(TARGET_NAME)";
				SWIFT_VERSION = 5.0;
				TARGETED_DEVICE_FAMILY = "1,2";
			};
			name = Debug;
		};
		BA71B9632886AD38004EBBED /* Release */ = {
			isa = XCBuildConfiguration;
			buildSettings = {
				ASSETCATALOG_COMPILER_APPICON_NAME = AppIcon;
				ASSETCATALOG_COMPILER_GLOBAL_ACCENT_COLOR_NAME = AccentColor;
				CODE_SIGN_STYLE = Automatic;
				DEVELOPMENT_TEAM = G4865H7F96;
				INFOPLIST_FILE = AccessControls/Info.plist;
				LD_RUNPATH_SEARCH_PATHS = (
					"$(inherited)",
					"@executable_path/Frameworks",
				);
				PRODUCT_BUNDLE_IDENTIFIER = com.akshay.AccessControls;
				PRODUCT_NAME = "$(TARGET_NAME)";
				SWIFT_VERSION = 5.0;
				TARGETED_DEVICE_FAMILY = "1,2";
			};
			name = Release;
		};
		BA71B9652886AD38004EBBED /* Debug */ = {
			isa = XCBuildConfiguration;
			buildSettings = {
				ALWAYS_EMBED_SWIFT_STANDARD_LIBRARIES = YES;
				BUNDLE_LOADER = "$(TEST_HOST)";
				CODE_SIGN_STYLE = Automatic;
				DEVELOPMENT_TEAM = G4865H7F96;
				INFOPLIST_FILE = AccessControlsTests/Info.plist;
				IPHONEOS_DEPLOYMENT_TARGET = 14.4;
				LD_RUNPATH_SEARCH_PATHS = (
					"$(inherited)",
					"@executable_path/Frameworks",
					"@loader_path/Frameworks",
				);
				PRODUCT_BUNDLE_IDENTIFIER = com.akshay.AccessControlsTests;
				PRODUCT_NAME = "$(TARGET_NAME)";
				SWIFT_VERSION = 5.0;
				TARGETED_DEVICE_FAMILY = "1,2";
				TEST_HOST = "$(BUILT_PRODUCTS_DIR)/AccessControls.app/AccessControls";
			};
			name = Debug;
		};
		BA71B9662886AD38004EBBED /* Release */ = {
			isa = XCBuildConfiguration;
			buildSettings = {
				ALWAYS_EMBED_SWIFT_STANDARD_LIBRARIES = YES;
				BUNDLE_LOADER = "$(TEST_HOST)";
				CODE_SIGN_STYLE = Automatic;
				DEVELOPMENT_TEAM = G4865H7F96;
				INFOPLIST_FILE = AccessControlsTests/Info.plist;
				IPHONEOS_DEPLOYMENT_TARGET = 14.4;
				LD_RUNPATH_SEARCH_PATHS = (
					"$(inherited)",
					"@executable_path/Frameworks",
					"@loader_path/Frameworks",
				);
				PRODUCT_BUNDLE_IDENTIFIER = com.akshay.AccessControlsTests;
				PRODUCT_NAME = "$(TARGET_NAME)";
				SWIFT_VERSION = 5.0;
				TARGETED_DEVICE_FAMILY = "1,2";
				TEST_HOST = "$(BUILT_PRODUCTS_DIR)/AccessControls.app/AccessControls";
			};
			name = Release;
		};
		BA71B9682886AD38004EBBED /* Debug */ = {
			isa = XCBuildConfiguration;
			buildSettings = {
				ALWAYS_EMBED_SWIFT_STANDARD_LIBRARIES = YES;
				CODE_SIGN_STYLE = Automatic;
				DEVELOPMENT_TEAM = G4865H7F96;
				INFOPLIST_FILE = AccessControlsUITests/Info.plist;
				LD_RUNPATH_SEARCH_PATHS = (
					"$(inherited)",
					"@executable_path/Frameworks",
					"@loader_path/Frameworks",
				);
				PRODUCT_BUNDLE_IDENTIFIER = com.akshay.AccessControlsUITests;
				PRODUCT_NAME = "$(TARGET_NAME)";
				SWIFT_VERSION = 5.0;
				TARGETED_DEVICE_FAMILY = "1,2";
				TEST_TARGET_NAME = AccessControls;
			};
			name = Debug;
		};
		BA71B9692886AD38004EBBED /* Release */ = {
			isa = XCBuildConfiguration;
			buildSettings = {
				ALWAYS_EMBED_SWIFT_STANDARD_LIBRARIES = YES;
				CODE_SIGN_STYLE = Automatic;
				DEVELOPMENT_TEAM = G4865H7F96;
				INFOPLIST_FILE = AccessControlsUITests/Info.plist;
				LD_RUNPATH_SEARCH_PATHS = (
					"$(inherited)",
					"@executable_path/Frameworks",
					"@loader_path/Frameworks",
				);
				PRODUCT_BUNDLE_IDENTIFIER = com.akshay.AccessControlsUITests;
				PRODUCT_NAME = "$(TARGET_NAME)";
				SWIFT_VERSION = 5.0;
				TARGETED_DEVICE_FAMILY = "1,2";
				TEST_TARGET_NAME = AccessControls;
			};
			name = Release;
		};
/* End XCBuildConfiguration section */

/* Begin XCConfigurationList section */
		BA71B9322886ACF4004EBBED /* Build configuration list for PBXProject "AccessControls" */ = {
			isa = XCConfigurationList;
			buildConfigurations = (
				BA71B95F2886AD38004EBBED /* Debug */,
				BA71B9602886AD38004EBBED /* Release */,
			);
			defaultConfigurationIsVisible = 0;
			defaultConfigurationName = Release;
		};
		BA71B9612886AD38004EBBED /* Build configuration list for PBXNativeTarget "AccessControls" */ = {
			isa = XCConfigurationList;
			buildConfigurations = (
				BA71B9622886AD38004EBBED /* Debug */,
				BA71B9632886AD38004EBBED /* Release */,
			);
			defaultConfigurationIsVisible = 0;
			defaultConfigurationName = Release;
		};
		BA71B9642886AD38004EBBED /* Build configuration list for PBXNativeTarget "AccessControlsTests" */ = {
			isa = XCConfigurationList;
			buildConfigurations = (
				BA71B9652886AD38004EBBED /* Debug */,
				BA71B9662886AD38004EBBED /* Release */,
			);
			defaultConfigurationIsVisible = 0;
			defaultConfigurationName = Release;
		};
		BA71B9672886AD38004EBBED /* Build configuration list for PBXNativeTarget "AccessControlsUITests" */ = {
			isa = XCConfigurationList;
			buildConfigurations = (
				BA71B9682886AD38004EBBED /* Debug */,
				BA71B9692886AD38004EBBED /* Release */,
			);
			defaultConfigurationIsVisible = 0;
			defaultConfigurationName = Release;
		};
/* End XCConfigurationList section */
	};
	rootObject = BA71B92F2886ACF4004EBBED /* Project object */;
}
